
Microsoft Visual Studio Solution File, Format Version 12.00
# Visual Studio Version 17
VisualStudioVersion = 17.3.32922.545
MinimumVisualStudioVersion = 10.0.40219.1
Project("{FAE04EC0-301F-11D3-BF4B-00C04F79EFBC}") = "ChallengeFirstPapaBobsWebsite", "ChallengeFirstPapaBobsWebsite.csproj", "{82217761-0C27-4100-A826-B5D56155F43C}"
EndProject
Global
	GlobalSection(SolutionConfigurationPlatforms) = preSolution
		Debug|Any CPU = Debug|Any CPU
		Release|Any CPU = Release|Any CPU
	EndGlobalSection
	GlobalSection(ProjectConfigurationPlatforms) = postSolution
		{82217761-0C27-4100-A826-B5D56155F43C}.Debug|Any CPU.ActiveCfg = Debug|Any CPU
		{82217761-0C27-4100-A826-B5D56155F43C}.Debug|Any CPU.Build.0 = Debug|Any CPU
		{82217761-0C27-4100-A826-B5D56155F43C}.Release|Any CPU.ActiveCfg = Release|Any CPU
		{82217761-0C27-4100-A826-B5D56155F43C}.Release|Any CPU.Build.0 = Release|Any CPU
	EndGlobalSection
	GlobalSection(SolutionProperties) = preSolution
		HideSolutionNode = FALSE
	EndGlobalSection
	GlobalSection(ExtensibilityGlobals) = postSolution
		SolutionGuid = {EA3720C3-E6D6-49C4-AE02-51D1C47C3D16}
	EndGlobalSection
EndGlobal
